PODS:
  - bitlabs (0.0.1):
    - BLCustom
    - Flutter
  - BLCustom (4.0.1)
  - Flutter (1.0.0)
  - webview_flutter_wkwebview (0.0.1):
    - Flutter
    - FlutterMacOS

DEPENDENCIES:
  - bitlabs (from `.symlinks/plugins/bitlabs/ios`)
  - Flutter (from `Flutter`)
  - webview_flutter_wkwebview (from `.symlinks/plugins/webview_flutter_wkwebview/darwin`)

SPEC REPOS:
  trunk:
    - BLCustom

EXTERNAL SOURCES:
  bitlabs:
    :path: ".symlinks/plugins/bitlabs/ios"
  Flutter:
    :path: Flutter
  webview_flutter_wkwebview:
    :path: ".symlinks/plugins/webview_flutter_wkwebview/darwin"

SPEC CHECKSUMS:
  bitlabs: 95304f69e93a8598796376a731e92f0070ceff0c
  BLCustom: b5d80343e57b7d67597769017aee3b9efa846ead
  Flutter: e0871f40cf51350855a761d2e70bf5af5b9b5de7
  webview_flutter_wkwebview: 1821ceac936eba6f7984d89a9f3bcb4dea99ebb2

PODFILE CHECKSUM: c4c93c5f6502fe2754f48404d3594bf779584011

COCOAPODS: 1.16.2
