PODS:
  - bitlabs (4.0.0):
    - BLCustom (= 4.1.0)
    - Flutter
  - BLCustom (4.1.0)
  - Flutter (1.0.0)
  - webview_flutter_wkwebview (0.0.1):
    - Flutter
    - FlutterMacOS

DEPENDENCIES:
  - bitlabs (from `.symlinks/plugins/bitlabs/ios`)
  - Flutter (from `Flutter`)
  - webview_flutter_wkwebview (from `.symlinks/plugins/webview_flutter_wkwebview/darwin`)

SPEC REPOS:
  trunk:
    - BLCustom

EXTERNAL SOURCES:
  bitlabs:
    :path: ".symlinks/plugins/bitlabs/ios"
  Flutter:
    :path: Flutter
  webview_flutter_wkwebview:
    :path: ".symlinks/plugins/webview_flutter_wkwebview/darwin"

SPEC CHECKSUMS:
  bitlabs: a3057d612d938119c097ce5de6e102b23b5112dd
  BLCustom: 973705d9c0fc13f4510e00d42b345d5de41c0da8
  Flutter: e0871f40cf51350855a761d2e70bf5af5b9b5de7
  webview_flutter_wkwebview: 1821ceac936eba6f7984d89a9f3bcb4dea99ebb2

PODFILE CHECKSUM: 4e8f8b2be68aeea4c0d5beb6ff1e79fface1d048

COCOAPODS: 1.16.2
