PODS:
  - bitlabs (4.1.0):
    - BLCustom (= 4.1.0)
    - Flutter
  - BLCustom (4.1.0)
  - Flutter (1.0.0)
  - webview_flutter_wkwebview (0.0.1):
    - Flutter
    - FlutterMacOS

DEPENDENCIES:
  - bitlabs (from `.symlinks/plugins/bitlabs/ios`)
  - Flutter (from `Flutter`)
  - webview_flutter_wkwebview (from `.symlinks/plugins/webview_flutter_wkwebview/darwin`)

SPEC REPOS:
  trunk:
    - BLCustom

EXTERNAL SOURCES:
  bitlabs:
    :path: ".symlinks/plugins/bitlabs/ios"
  Flutter:
    :path: Flutter
  webview_flutter_wkwebview:
    :path: ".symlinks/plugins/webview_flutter_wkwebview/darwin"

SPEC CHECKSUMS:
  bitlabs: 35c0b19faac80dc1cffb3f1eb690795688a9ed26
  BLCustom: 973705d9c0fc13f4510e00d42b345d5de41c0da8
  Flutter: cabc95a1d2626b1b06e7179b784ebcf0c0cde467
  webview_flutter_wkwebview: 8ebf4fded22593026f7dbff1fbff31ea98573c8d

PODFILE CHECKSUM: 0dbd5a87e0ace00c9610d2037ac22083a01f861d

COCOAPODS: 1.16.2
