{
  "originHash" : "ec4affdf54bcde6571aaebc9006dbe7ef85c9354ee4805997236364c89f76894",
  "pins" : [
    {
      "identity" : "bitlabs-ios-sdk",
      "kind" : "remoteSourceControl",
      "location" : "https://github.com/BitBurst-GmbH/bitlabs-ios-sdk.git",
      "state" : {
        "revision" : "4244403d48986c639272a15e0cce128941571f90"
      }
    }
  ],
  "version" : 3
}
