{
  "originHash" : "ec4affdf54bcde6571aaebc9006dbe7ef85c9354ee4805997236364c89f76894",
  "pins" : [
    {
      "identity" : "bitlabs-ios-sdk",
      "kind" : "remoteSourceControl",
      "location" : "https://github.com/BitBurst-GmbH/bitlabs-ios-sdk.git",
      "state" : {
        "revision" : "d785e4d3ae432f4bca20a60963c3acd3b15e685c"
      }
    }
  ],
  "version" : 3
}
